// !$*UTF8*$!
{
	archiveVersion = 1;
	classes = {
	};
	objectVersion = 46;
	objects = {

/* Begin PBXBuildFile section */
		F005F7831ECFF9930049BA67 /* main.m in Sources */ = {isa = PBXBuildFile; fileRef = F005F7821ECFF9930049BA67 /* main.m */; };
		F005F7861ECFF9930049BA67 /* AppDelegate.m in Sources */ = {isa = PBXBuildFile; fileRef = F005F7851ECFF9930049BA67 /* AppDelegate.m */; };
		F005F7891ECFF9930049BA67 /* ViewController.m in Sources */ = {isa = PBXBuildFile; fileRef = F005F7881ECFF9930049BA67 /* ViewController.m */; };
		F005F78C1ECFF9930049BA67 /* Main.storyboard in Resources */ = {isa = PBXBuildFile; fileRef = F005F78A1ECFF9930049BA67 /* Main.storyboard */; };
		F005F78E1ECFF9930049BA67 /* Assets.xcassets in Resources */ = {isa = PBXBuildFile; fileRef = F005F78D1ECFF9930049BA67 /* Assets.xcassets */; };
		F005F7911ECFF9930049BA67 /* LaunchScreen.storyboard in Resources */ = {isa = PBXBuildFile; fileRef = F005F78F1ECFF9930049BA67 /* LaunchScreen.storyboard */; };
		F005F8711ED076CE0049BA67 /* index.html in Resources */ = {isa = PBXBuildFile; fileRef = F005F8701ED076CE0049BA67 /* index.html */; };
		F09AF49E1ED13FAF0065D095 /* TPJsPlugin_viewPageManager.m in Sources */ = {isa = PBXBuildFile; fileRef = F09AF49D1ED13FAF0065D095 /* TPJsPlugin_viewPageManager.m */; };
		F09AF4A11ED140660065D095 /* TPCustomJsBridgeApiBuild.js in Resources */ = {isa = PBXBuildFile; fileRef = F09AF49F1ED140660065D095 /* TPCustomJsBridgeApiBuild.js */; };
		F09AF4A21ED140660065D095 /* TPCustomJsBridgeConfig.json in Resources */ = {isa = PBXBuildFile; fileRef = F09AF4A01ED140660065D095 /* TPCustomJsBridgeConfig.json */; };
/* End PBXBuildFile section */

/* Begin PBXFileReference section */
		F005F77E1ECFF9930049BA67 /* TPJsBridge.app */ = {isa = PBXFileReference; explicitFileType = wrapper.application; includeInIndex = 0; path = TPJsBridge.app; sourceTree = BUILT_PRODUCTS_DIR; };
		F005F7821ECFF9930049BA67 /* main.m */ = {isa = PBXFileReference; lastKnownFileType = sourcecode.c.objc; path = main.m; sourceTree = "<group>"; };
		F005F7841ECFF9930049BA67 /* AppDelegate.h */ = {isa = PBXFileReference; lastKnownFileType = sourcecode.c.h; path = AppDelegate.h; sourceTree = "<group>"; };
		F005F7851ECFF9930049BA67 /* AppDelegate.m */ = {isa = PBXFileReference; lastKnownFileType = sourcecode.c.objc; path = AppDelegate.m; sourceTree = "<group>"; };
		F005F7871ECFF9930049BA67 /* ViewController.h */ = {isa = PBXFileReference; lastKnownFileType = sourcecode.c.h; path = ViewController.h; sourceTree = "<group>"; };
		F005F7881ECFF9930049BA67 /* ViewController.m */ = {isa = PBXFileReference; lastKnownFileType = sourcecode.c.objc; path = ViewController.m; sourceTree = "<group>"; };
		F005F78B1ECFF9930049BA67 /* Base */ = {isa = PBXFileReference; lastKnownFileType = file.storyboard; name = Base; path = Base.lproj/Main.storyboard; sourceTree = "<group>"; };
		F005F78D1ECFF9930049BA67 /* Assets.xcassets */ = {isa = PBXFileReference; lastKnownFileType = folder.assetcatalog; path = Assets.xcassets; sourceTree = "<group>"; };
		F005F7901ECFF9930049BA67 /* Base */ = {isa = PBXFileReference; lastKnownFileType = file.storyboard; name = Base; path = Base.lproj/LaunchScreen.storyboard; sourceTree = "<group>"; };
		F005F7921ECFF9930049BA67 /* Info.plist */ = {isa = PBXFileReference; lastKnownFileType = text.plist.xml; path = Info.plist; sourceTree = "<group>"; };
		F005F8701ED076CE0049BA67 /* index.html */ = {isa = PBXFileReference; fileEncoding = 4; lastKnownFileType = text.html; path = index.html; sourceTree = "<group>"; };
		F09AF49C1ED13FAF0065D095 /* TPJsPlugin_viewPageManager.h */ = {isa = PBXFileReference; fileEncoding = 4; lastKnownFileType = sourcecode.c.h; path = TPJsPlugin_viewPageManager.h; sourceTree = "<group>"; };
		F09AF49D1ED13FAF0065D095 /* TPJsPlugin_viewPageManager.m */ = {isa = PBXFileReference; fileEncoding = 4; lastKnownFileType = sourcecode.c.objc; path = TPJsPlugin_viewPageManager.m; sourceTree = "<group>"; };
		F09AF49F1ED140660065D095 /* TPCustomJsBridgeApiBuild.js */ = {isa = PBXFileReference; fileEncoding = 4; lastKnownFileType = sourcecode.javascript; path = TPCustomJsBridgeApiBuild.js; sourceTree = "<group>"; };
		F09AF4A01ED140660065D095 /* TPCustomJsBridgeConfig.json */ = {isa = PBXFileReference; fileEncoding = 4; lastKnownFileType = text.json; path = TPCustomJsBridgeConfig.json; sourceTree = "<group>"; };
/* End PBXFileReference section */

/* Begin PBXFrameworksBuildPhase section */
		F005F77B1ECFF9930049BA67 /* Frameworks */ = {
			isa = PBXFrameworksBuildPhase;
			buildActionMask = 2147483647;
			files = (
			);
			runOnlyForDeploymentPostprocessing = 0;
		};
/* End PBXFrameworksBuildPhase section */

/* Begin PBXGroup section */
		F005F7751ECFF9930049BA67 = {
			isa = PBXGroup;
			children = (
				F005F7801ECFF9930049BA67 /* TPJsBridge */,
				F005F77F1ECFF9930049BA67 /* Products */,
			);
			sourceTree = "<group>";
		};
		F005F77F1ECFF9930049BA67 /* Products */ = {
			isa = PBXGroup;
			children = (
				F005F77E1ECFF9930049BA67 /* TPJsBridge.app */,
			);
			name = Products;
			sourceTree = "<group>";
		};
		F005F7801ECFF9930049BA67 /* TPJsBridge */ = {
			isa = PBXGroup;
			children = (
				F005F8701ED076CE0049BA67 /* index.html */,
				F09AF49F1ED140660065D095 /* TPCustomJsBridgeApiBuild.js */,
				F09AF4A01ED140660065D095 /* TPCustomJsBridgeConfig.json */,
				F005F7841ECFF9930049BA67 /* AppDelegate.h */,
				F005F7851ECFF9930049BA67 /* AppDelegate.m */,
				F005F7871ECFF9930049BA67 /* ViewController.h */,
				F005F7881ECFF9930049BA67 /* ViewController.m */,
				F09AF49C1ED13FAF0065D095 /* TPJsPlugin_viewPageManager.h */,
				F09AF49D1ED13FAF0065D095 /* TPJsPlugin_viewPageManager.m */,
				F005F78A1ECFF9930049BA67 /* Main.storyboard */,
				F005F78D1ECFF9930049BA67 /* Assets.xcassets */,
				F005F78F1ECFF9930049BA67 /* LaunchScreen.storyboard */,
				F005F7921ECFF9930049BA67 /* Info.plist */,
				F005F7811ECFF9930049BA67 /* Supporting Files */,
			);
			path = TPJsBridge;
			sourceTree = "<group>";
		};
		F005F7811ECFF9930049BA67 /* Supporting Files */ = {
			isa = PBXGroup;
			children = (
				F005F7821ECFF9930049BA67 /* main.m */,
			);
			name = "Supporting Files";
			sourceTree = "<group>";
		};
/* End PBXGroup section */

/* Begin PBXNativeTarget section */
		F005F77D1ECFF9930049BA67 /* TPJsBridge */ = {
			isa = PBXNativeTarget;
			buildConfigurationList = F005F7951ECFF9930049BA67 /* Build configuration list for PBXNativeTarget "TPJsBridge" */;
			buildPhases = (
				F005F77A1ECFF9930049BA67 /* Sources */,
				F005F77B1ECFF9930049BA67 /* Frameworks */,
				F005F77C1ECFF9930049BA67 /* Resources */,
			);
			buildRules = (
			);
			dependencies = (
			);
			name = TPJsBridge;
			productName = TPJsBridge;
			productReference = F005F77E1ECFF9930049BA67 /* TPJsBridge.app */;
			productType = "com.apple.product-type.application";
		};
/* End PBXNativeTarget section */

/* Begin PBXProject section */
		F005F7761ECFF9930049BA67 /* Project object */ = {
			isa = PBXProject;
			attributes = {
				LastUpgradeCheck = 0830;
				ORGANIZATIONNAME = Tpphha;
				TargetAttributes = {
					F005F77D1ECFF9930049BA67 = {
						CreatedOnToolsVersion = 8.3.2;
						DevelopmentTeam = N9D9Y52FAG;
						ProvisioningStyle = Automatic;
					};
				};
			};
			buildConfigurationList = F005F7791ECFF9930049BA67 /* Build configuration list for PBXProject "TPJsBridge" */;
			compatibilityVersion = "Xcode 3.2";
			developmentRegion = English;
			hasScannedForEncodings = 0;
			knownRegions = (
				en,
				Base,
			);
			mainGroup = F005F7751ECFF9930049BA67;
			productRefGroup = F005F77F1ECFF9930049BA67 /* Products */;
			projectDirPath = "";
			projectRoot = "";
			targets = (
				F005F77D1ECFF9930049BA67 /* TPJsBridge */,
			);
		};
/* End PBXProject section */

/* Begin PBXResourcesBuildPhase section */
		F005F77C1ECFF9930049BA67 /* Resources */ = {
			isa = PBXResourcesBuildPhase;
			buildActionMask = 2147483647;
			files = (
				F005F8711ED076CE0049BA67 /* index.html in Resources */,
				F09AF4A11ED140660065D095 /* TPCustomJsBridgeApiBuild.js in Resources */,
				F005F7911ECFF9930049BA67 /* LaunchScreen.storyboard in Resources */,
				F005F78E1ECFF9930049BA67 /* Assets.xcassets in Resources */,
				F005F78C1ECFF9930049BA67 /* Main.storyboard in Resources */,
				F09AF4A21ED140660065D095 /* TPCustomJsBridgeConfig.json in Resources */,
			);
			runOnlyForDeploymentPostprocessing = 0;
		};
/* End PBXResourcesBuildPhase section */

/* Begin PBXSourcesBuildPhase section */
		F005F77A1ECFF9930049BA67 /* Sources */ = {
			isa = PBXSourcesBuildPhase;
			buildActionMask = 2147483647;
			files = (
				F005F7891ECFF9930049BA67 /* ViewController.m in Sources */,
				F005F7861ECFF9930049BA67 /* AppDelegate.m in Sources */,
				F09AF49E1ED13FAF0065D095 /* TPJsPlugin_viewPageManager.m in Sources */,
				F005F7831ECFF9930049BA67 /* main.m in Sources */,
			);
			runOnlyForDeploymentPostprocessing = 0;
		};
/* End PBXSourcesBuildPhase section */

/* Begin PBXVariantGroup section */
		F005F78A1ECFF9930049BA67 /* Main.storyboard */ = {
			isa = PBXVariantGroup;
			children = (
				F005F78B1ECFF9930049BA67 /* Base */,
			);
			name = Main.storyboard;
			sourceTree = "<group>";
		};
		F005F78F1ECFF9930049BA67 /* LaunchScreen.storyboard */ = {
			isa = PBXVariantGroup;
			children = (
				F005F7901ECFF9930049BA67 /* Base */,
			);
			name = LaunchScreen.storyboard;
			sourceTree = "<group>";
		};
/* End PBXVariantGroup section */

/* Begin XCBuildConfiguration section */
		F005F7931ECFF9930049BA67 /* Debug */ = {
			isa = XCBuildConfiguration;
			buildSettings = {
				ALWAYS_SEARCH_USER_PATHS = NO;
				CLANG_ANALYZER_NONNULL = YES;
				CLANG_ANALYZER_NUMBER_OBJECT_CONVERSION = YES_AGGRESSIVE;
				CLANG_CXX_LANGUAGE_STANDARD = "gnu++0x";
				CLANG_CXX_LIBRARY = "libc++";
				CLANG_ENABLE_MODULES = YES;
				CLANG_ENABLE_OBJC_ARC = YES;
				CLANG_WARN_BOOL_CONVERSION = YES;
				CLANG_WARN_CONSTANT_CONVERSION = YES;
				CLANG_WARN_DIRECT_OBJC_ISA_USAGE = YES_ERROR;
				CLANG_WARN_DOCUMENTATION_COMMENTS = YES;
				CLANG_WARN_EMPTY_BODY = YES;
				CLANG_WARN_ENUM_CONVERSION = YES;
				CLANG_WARN_INFINITE_RECURSION = YES;
				CLANG_WARN_INT_CONVERSION = YES;
				CLANG_WARN_OBJC_ROOT_CLASS = YES_ERROR;
				CLANG_WARN_SUSPICIOUS_MOVE = YES;
				CLANG_WARN_UNREACHABLE_CODE = YES;
				CLANG_WARN__DUPLICATE_METHOD_MATCH = YES;
				"CODE_SIGN_IDENTITY[sdk=iphoneos*]" = "iPhone Developer";
				COPY_PHASE_STRIP = NO;
				DEBUG_INFORMATION_FORMAT = dwarf;
				ENABLE_STRICT_OBJC_MSGSEND = YES;
				ENABLE_TESTABILITY = YES;
				GCC_C_LANGUAGE_STANDARD = gnu99;
				GCC_DYNAMIC_NO_PIC = NO;
				GCC_NO_COMMON_BLOCKS = YES;
				GCC_OPTIMIZATION_LEVEL = 0;
				GCC_PREPROCESSOR_DEFINITIONS = (
					"DEBUG=1",
					"$(inherited)",
				);
				GCC_WARN_64_TO_32_BIT_CONVERSION = YES;
				GCC_WARN_ABOUT_RETURN_TYPE = YES_ERROR;
				GCC_WARN_UNDECLARED_SELECTOR = YES;
				GCC_WARN_UNINITIALIZED_AUTOS = YES_AGGRESSIVE;
				GCC_WARN_UNUSED_FUNCTION = YES;
				GCC_WARN_UNUSED_VARIABLE = YES;
				IPHONEOS_DEPLOYMENT_TARGET = 10.3;
				MTL_ENABLE_DEBUG_INFO = YES;
				ONLY_ACTIVE_ARCH = YES;
				SDKROOT = iphoneos;
				TARGETED_DEVICE_FAMILY = "1,2";
			};
			name = Debug;
		};
		F005F7941ECFF9930049BA67 /* Release */ = {
			isa = XCBuildConfiguration;
			buildSettings = {
				ALWAYS_SEARCH_USER_PATHS = NO;
				CLANG_ANALYZER_NONNULL = YES;
				CLANG_ANALYZER_NUMBER_OBJECT_CONVERSION = YES_AGGRESSIVE;
				CLANG_CXX_LANGUAGE_STANDARD = "gnu++0x";
				CLANG_CXX_LIBRARY = "libc++";
				CLANG_ENABLE_MODULES = YES;
				CLANG_ENABLE_OBJC_ARC = YES;
				CLANG_WARN_BOOL_CONVERSION = YES;
				CLANG_WARN_CONSTANT_CONVERSION = YES;
				CLANG_WARN_DIRECT_OBJC_ISA_USAGE = YES_ERROR;
				CLANG_WARN_DOCUMENTATION_COMMENTS = YES;
				CLANG_WARN_EMPTY_BODY = YES;
				CLANG_WARN_ENUM_CONVERSION = YES;
				CLANG_WARN_INFINITE_RECURSION = YES;
				CLANG_WARN_INT_CONVERSION = YES;
				CLANG_WARN_OBJC_ROOT_CLASS = YES_ERROR;
				CLANG_WARN_SUSPICIOUS_MOVE = YES;
				CLANG_WARN_UNREACHABLE_CODE = YES;
				CLANG_WARN__DUPLICATE_METHOD_MATCH = YES;
				"CODE_SIGN_IDENTITY[sdk=iphoneos*]" = "iPhone Developer";
				COPY_PHASE_STRIP = NO;
				DEBUG_INFORMATION_FORMAT = "dwarf-with-dsym";
				ENABLE_NS_ASSERTIONS = NO;
				ENABLE_STRICT_OBJC_MSGSEND = YES;
				GCC_C_LANGUAGE_STANDARD = gnu99;
				GCC_NO_COMMON_BLOCKS = YES;
				GCC_WARN_64_TO_32_BIT_CONVERSION = YES;
				GCC_WARN_ABOUT_RETURN_TYPE = YES_ERROR;
				GCC_WARN_UNDECLARED_SELECTOR = YES;
				GCC_WARN_UNINITIALIZED_AUTOS = YES_AGGRESSIVE;
				GCC_WARN_UNUSED_FUNCTION = YES;
				GCC_WARN_UNUSED_VARIABLE = YES;
				IPHONEOS_DEPLOYMENT_TARGET = 10.3;
				MTL_ENABLE_DEBUG_INFO = NO;
				SDKROOT = iphoneos;
				TARGETED_DEVICE_FAMILY = "1,2";
				VALIDATE_PRODUCT = YES;
			};
			name = Release;
		};
		F005F7961ECFF9930049BA67 /* Debug */ = {
			isa = XCBuildConfiguration;
			buildSettings = {
				ASSETCATALOG_COMPILER_APPICON_NAME = AppIcon;
				DEVELOPMENT_TEAM = N9D9Y52FAG;
				INFOPLIST_FILE = TPJsBridge/Info.plist;
				LD_RUNPATH_SEARCH_PATHS = "$(inherited) @executable_path/Frameworks";
				PRODUCT_BUNDLE_IDENTIFIER = com.qlchat.www.TPJsBridge;
				PRODUCT_NAME = "$(TARGET_NAME)";
			};
			name = Debug;
		};
		F005F7971ECFF9930049BA67 /* Release */ = {
			isa = XCBuildConfiguration;
			buildSettings = {
				ASSETCATALOG_COMPILER_APPICON_NAME = AppIcon;
				DEVELOPMENT_TEAM = N9D9Y52FAG;
				INFOPLIST_FILE = TPJsBridge/Info.plist;
				LD_RUNPATH_SEARCH_PATHS = "$(inherited) @executable_path/Frameworks";
				PRODUCT_BUNDLE_IDENTIFIER = com.qlchat.www.TPJsBridge;
				PRODUCT_NAME = "$(TARGET_NAME)";
			};
			name = Release;
		};
/* End XCBuildConfiguration section */

/* Begin XCConfigurationList section */
		F005F7791ECFF9930049BA67 /* Build configuration list for PBXProject "TPJsBridge" */ = {
			isa = XCConfigurationList;
			buildConfigurations = (
				F005F7931ECFF9930049BA67 /* Debug */,
				F005F7941ECFF9930049BA67 /* Release */,
			);
			defaultConfigurationIsVisible = 0;
			defaultConfigurationName = Release;
		};
		F005F7951ECFF9930049BA67 /* Build configuration list for PBXNativeTarget "TPJsBridge" */ = {
			isa = XCConfigurationList;
			buildConfigurations = (
				F005F7961ECFF9930049BA67 /* Debug */,
				F005F7971ECFF9930049BA67 /* Release */,
			);
			defaultConfigurationIsVisible = 0;
			defaultConfigurationName = Release;
		};
/* End XCConfigurationList section */
	};
	rootObject = F005F7761ECFF9930049BA67 /* Project object */;
}
